
Microsoft Visual Studio Solution File, Format Version 12.00
# Visual Studio Version 17
VisualStudioVersion = 17.8.34525.116
MinimumVisualStudioVersion = 10.0.40219.1
Project("{FAE04EC0-301F-11D3-BF4B-00C04F79EFBC}") = "U3API", "U3API.csproj", "{DAC827C1-F848-4058-9CE1-7C4347D7EB8D}"
EndProject
Global
	GlobalSection(SolutionConfigurationPlatforms) = preSolution
		Debug|Any CPU = Debug|Any CPU
		Release|Any CPU = Release|Any CPU
	EndGlobalSection
	GlobalSection(ProjectConfigurationPlatforms) = postSolution
		{DAC827C1-F848-4058-9CE1-7C4347D7EB8D}.Debug|Any CPU.ActiveCfg = Debug|Any CPU
		{DAC827C1-F848-4058-9CE1-7C4347D7EB8D}.Debug|Any CPU.Build.0 = Debug|Any CPU
		{DAC827C1-F848-4058-9CE1-7C4347D7EB8D}.Release|Any CPU.ActiveCfg = Release|Any CPU
		{DAC827C1-F848-4058-9CE1-7C4347D7EB8D}.Release|Any CPU.Build.0 = Release|Any CPU
	EndGlobalSection
	GlobalSection(SolutionProperties) = preSolution
		HideSolutionNode = FALSE
	EndGlobalSection
	GlobalSection(ExtensibilityGlobals) = postSolution
		SolutionGuid = {4AE08E86-9445-4780-BDBE-3F8F949BD45A}
	EndGlobalSection
EndGlobal
